
Microsoft Visual Studio Solution File, Format Version 11.00
# Visual Studio 2010
Project("{FAE04EC0-301F-11D3-BF4B-00C04F79EFBC}") = "CurlClock", "CurlClock\CurlClock.csproj", "{3582803F-00F8-47DD-A7A3-04A298B61D55}"
EndProject
Global
	GlobalSection(SolutionConfigurationPlatforms) = preSolution
		Debug|Any CPU = Debug|Any CPU
		Release|Any CPU = Release|Any CPU
	EndGlobalSection
	GlobalSection(ProjectConfigurationPlatforms) = postSolution
		{3582803F-00F8-47DD-A7A3-04A298B61D55}.Debug|Any CPU.ActiveCfg = Debug|Any CPU
		{3582803F-00F8-47DD-A7A3-04A298B61D55}.Debug|Any CPU.Build.0 = Debug|Any CPU
		{3582803F-00F8-47DD-A7A3-04A298B61D55}.Release|Any CPU.ActiveCfg = Release|Any CPU
		{3582803F-00F8-47DD-A7A3-04A298B61D55}.Release|Any CPU.Build.0 = Release|Any CPU
	EndGlobalSection
	GlobalSection(SolutionProperties) = preSolution
		HideSolutionNode = FALSE
	EndGlobalSection
EndGlobal
